// !$*UTF8*$!
{
	archiveVersion = 1;
	classes = {
	};
	objectVersion = 77;
	objects = {

/* Begin PBXBuildFile section */
		5FC36926ECB2403D7453C2D2 /* OpenAIKeychainStore.swift in Sources */ = {isa = PBXBuildFile; fileRef = 002119DD7DE1AA8796C5AADF /* OpenAIKeychainStore.swift */; };
		9605CF6F4E0CA8B2AF808E6D /* ComeSanoUI in Frameworks */ = {isa = PBXBuildFile; productRef = 4988B45FB968DD58960F6C45 /* ComeSanoUI */; };
		99760E9CACEAB486A0627666 /* ComeSanoAI in Frameworks */ = {isa = PBXBuildFile; productRef = 07028C6E7AB66AFA1E5047F3 /* ComeSanoAI */; };
		B1C929FF16E342433E83EAF8 /* ComeSanoCore in Frameworks */ = {isa = PBXBuildFile; productRef = AA1298B37CDBB2F334E5C75D /* ComeSanoCore */; };
		BD51CDB903AA0E7726A349B6 /* OpenAISettingsView.swift in Sources */ = {isa = PBXBuildFile; fileRef = 1A758C9C16F98BBCFB4DC253 /* OpenAISettingsView.swift */; };
		C3778DC4E7350739690B9DB6 /* ComeSanoApp.swift in Sources */ = {isa = PBXBuildFile; fileRef = 95F28E454886CC9DED6CD930 /* ComeSanoApp.swift */; };
/* End PBXBuildFile section */

/* Begin PBXFileReference section */
		002119DD7DE1AA8796C5AADF /* OpenAIKeychainStore.swift */ = {isa = PBXFileReference; lastKnownFileType = sourcecode.swift; path = OpenAIKeychainStore.swift; sourceTree = "<group>"; };
		0611176768BDF2142F932EC2 /* ComeSanoApp.app */ = {isa = PBXFileReference; includeInIndex = 0; lastKnownFileType = wrapper.application; path = ComeSanoApp.app; sourceTree = BUILT_PRODUCTS_DIR; };
		07045EE595EB21439A7121D5 /* 03_ComeSano_iOS */ = {isa = PBXFileReference; lastKnownFileType = folder; name = 03_ComeSano_iOS; path = .; sourceTree = SOURCE_ROOT; };
		1A758C9C16F98BBCFB4DC253 /* OpenAISettingsView.swift */ = {isa = PBXFileReference; lastKnownFileType = sourcecode.swift; path = OpenAISettingsView.swift; sourceTree = "<group>"; };
		95F28E454886CC9DED6CD930 /* ComeSanoApp.swift */ = {isa = PBXFileReference; lastKnownFileType = sourcecode.swift; path = ComeSanoApp.swift; sourceTree = "<group>"; };
/* End PBXFileReference section */

/* Begin PBXFrameworksBuildPhase section */
		C99E3D0423C9D5E2765806E0 /* Frameworks */ = {
			isa = PBXFrameworksBuildPhase;
			buildActionMask = 2147483647;
			files = (
				B1C929FF16E342433E83EAF8 /* ComeSanoCore in Frameworks */,
				99760E9CACEAB486A0627666 /* ComeSanoAI in Frameworks */,
				9605CF6F4E0CA8B2AF808E6D /* ComeSanoUI in Frameworks */,
			);
			runOnlyForDeploymentPostprocessing = 0;
		};
/* End PBXFrameworksBuildPhase section */

/* Begin PBXGroup section */
		1799A50398DE3DD9C89686C1 = {
			isa = PBXGroup;
			children = (
				CA610E7AAA480A1628AD0298 /* Packages */,
				45D0BC5A2B120DF40DDFEB04 /* Sources */,
				A01D5DA3DD0084B9917002AC /* Products */,
			);
			sourceTree = "<group>";
		};
		45D0BC5A2B120DF40DDFEB04 /* Sources */ = {
			isa = PBXGroup;
			children = (
				95F28E454886CC9DED6CD930 /* ComeSanoApp.swift */,
				002119DD7DE1AA8796C5AADF /* OpenAIKeychainStore.swift */,
				1A758C9C16F98BBCFB4DC253 /* OpenAISettingsView.swift */,
			);
			name = Sources;
			path = App/Sources;
			sourceTree = "<group>";
		};
		A01D5DA3DD0084B9917002AC /* Products */ = {
			isa = PBXGroup;
			children = (
				0611176768BDF2142F932EC2 /* ComeSanoApp.app */,
			);
			name = Products;
			sourceTree = "<group>";
		};
		CA610E7AAA480A1628AD0298 /* Packages */ = {
			isa = PBXGroup;
			children = (
				07045EE595EB21439A7121D5 /* 03_ComeSano_iOS */,
			);
			name = Packages;
			sourceTree = "<group>";
		};
/* End PBXGroup section */

/* Begin PBXNativeTarget section */
		10F1684D8F8D5754A2E3E9FE /* ComeSanoApp */ = {
			isa = PBXNativeTarget;
			buildConfigurationList = CFF200CEA87CD3B68CBF7E23 /* Build configuration list for PBXNativeTarget "ComeSanoApp" */;
			buildPhases = (
				0140A3C3C7AA47F20106CEB0 /* Sources */,
				C99E3D0423C9D5E2765806E0 /* Frameworks */,
			);
			buildRules = (
			);
			dependencies = (
			);
			name = ComeSanoApp;
			packageProductDependencies = (
				AA1298B37CDBB2F334E5C75D /* ComeSanoCore */,
				07028C6E7AB66AFA1E5047F3 /* ComeSanoAI */,
				4988B45FB968DD58960F6C45 /* ComeSanoUI */,
			);
			productName = ComeSanoApp;
			productReference = 0611176768BDF2142F932EC2 /* ComeSanoApp.app */;
			productType = "com.apple.product-type.application";
		};
/* End PBXNativeTarget section */

/* Begin PBXProject section */
		5DA09E9F866404605DDAEBF6 /* Project object */ = {
			isa = PBXProject;
			attributes = {
				BuildIndependentTargetsInParallel = YES;
				LastUpgradeCheck = 1430;
				TargetAttributes = {
					10F1684D8F8D5754A2E3E9FE = {
						ProvisioningStyle = Automatic;
					};
				};
			};
			buildConfigurationList = 54B1DE3E320D43E8336D39D8 /* Build configuration list for PBXProject "ComeSano" */;
			compatibilityVersion = "Xcode 14.0";
			developmentRegion = en;
			hasScannedForEncodings = 0;
			knownRegions = (
				Base,
				en,
			);
			mainGroup = 1799A50398DE3DD9C89686C1;
			minimizedProjectReferenceProxies = 1;
			packageReferences = (
				518FCE2FC15ABE1764BA06F0 /* XCLocalSwiftPackageReference "." */,
			);
			preferredProjectObjectVersion = 77;
			projectDirPath = "";
			projectRoot = "";
			targets = (
				10F1684D8F8D5754A2E3E9FE /* ComeSanoApp */,
			);
		};
/* End PBXProject section */

/* Begin PBXSourcesBuildPhase section */
		0140A3C3C7AA47F20106CEB0 /* Sources */ = {
			isa = PBXSourcesBuildPhase;
			buildActionMask = 2147483647;
			files = (
				C3778DC4E7350739690B9DB6 /* ComeSanoApp.swift in Sources */,
				5FC36926ECB2403D7453C2D2 /* OpenAIKeychainStore.swift in Sources */,
				BD51CDB903AA0E7726A349B6 /* OpenAISettingsView.swift in Sources */,
			);
			runOnlyForDeploymentPostprocessing = 0;
		};
/* End PBXSourcesBuildPhase section */

/* Begin XCBuildConfiguration section */
		64BACA0E21538A597E947ACF /* Debug */ = {
			isa = XCBuildConfiguration;
			buildSettings = {
				ASSETCATALOG_COMPILER_APPICON_NAME = AppIcon;
				CODE_SIGN_IDENTITY = "iPhone Developer";
				CODE_SIGN_STYLE = Automatic;
				CURRENT_PROJECT_VERSION = 1;
				INFOPLIST_FILE = App/Config/Info.plist;
				IPHONEOS_DEPLOYMENT_TARGET = 17.0;
				LD_RUNPATH_SEARCH_PATHS = (
					"$(inherited)",
					"@executable_path/Frameworks",
				);
				MARKETING_VERSION = 1.0;
				PRODUCT_NAME = ComeSano;
				SDKROOT = iphoneos;
				TARGETED_DEVICE_FAMILY = "1,2";
			};
			name = Debug;
		};
		B565AF45E09053AB2343AA30 /* Release */ = {
			isa = XCBuildConfiguration;
			buildSettings = {
				ALWAYS_SEARCH_USER_PATHS = NO;
				CLANG_ANALYZER_NONNULL = YES;
				CLANG_ANALYZER_NUMBER_OBJECT_CONVERSION = YES_AGGRESSIVE;
				CLANG_CXX_LANGUAGE_STANDARD = "gnu++14";
				CLANG_CXX_LIBRARY = "libc++";
				CLANG_ENABLE_MODULES = YES;
				CLANG_ENABLE_OBJC_ARC = YES;
				CLANG_ENABLE_OBJC_WEAK = YES;
				CLANG_WARN_BLOCK_CAPTURE_AUTORELEASING = YES;
				CLANG_WARN_BOOL_CONVERSION = YES;
				CLANG_WARN_COMMA = YES;
				CLANG_WARN_CONSTANT_CONVERSION = YES;
				CLANG_WARN_DEPRECATED_OBJC_IMPLEMENTATIONS = YES;
				CLANG_WARN_DIRECT_OBJC_ISA_USAGE = YES_ERROR;
				CLANG_WARN_DOCUMENTATION_COMMENTS = YES;
				CLANG_WARN_EMPTY_BODY = YES;
				CLANG_WARN_ENUM_CONVERSION = YES;
				CLANG_WARN_INFINITE_RECURSION = YES;
				CLANG_WARN_INT_CONVERSION = YES;
				CLANG_WARN_NON_LITERAL_NULL_CONVERSION = YES;
				CLANG_WARN_OBJC_IMPLICIT_RETAIN_SELF = YES;
				CLANG_WARN_OBJC_LITERAL_CONVERSION = YES;
				CLANG_WARN_OBJC_ROOT_CLASS = YES_ERROR;
				CLANG_WARN_QUOTED_INCLUDE_IN_FRAMEWORK_HEADER = YES;
				CLANG_WARN_RANGE_LOOP_ANALYSIS = YES;
				CLANG_WARN_STRICT_PROTOTYPES = YES;
				CLANG_WARN_SUSPICIOUS_MOVE = YES;
				CLANG_WARN_UNGUARDED_AVAILABILITY = YES_AGGRESSIVE;
				CLANG_WARN_UNREACHABLE_CODE = YES;
				CLANG_WARN__DUPLICATE_METHOD_MATCH = YES;
				COPY_PHASE_STRIP = NO;
				DEBUG_INFORMATION_FORMAT = "dwarf-with-dsym";
				ENABLE_NS_ASSERTIONS = NO;
				ENABLE_STRICT_OBJC_MSGSEND = YES;
				GCC_C_LANGUAGE_STANDARD = gnu11;
				GCC_NO_COMMON_BLOCKS = YES;
				GCC_WARN_64_TO_32_BIT_CONVERSION = YES;
				GCC_WARN_ABOUT_RETURN_TYPE = YES_ERROR;
				GCC_WARN_UNDECLARED_SELECTOR = YES;
				GCC_WARN_UNINITIALIZED_AUTOS = YES_AGGRESSIVE;
				GCC_WARN_UNUSED_FUNCTION = YES;
				GCC_WARN_UNUSED_VARIABLE = YES;
				IPHONEOS_DEPLOYMENT_TARGET = 17.0;
				MTL_ENABLE_DEBUG_INFO = NO;
				MTL_FAST_MATH = YES;
				PRODUCT_BUNDLE_IDENTIFIER = rcTools.ComeSano;
				PRODUCT_NAME = "$(TARGET_NAME)";
				SDKROOT = iphoneos;
				SWIFT_COMPILATION_MODE = wholemodule;
				SWIFT_OPTIMIZATION_LEVEL = "-O";
				SWIFT_VERSION = 6.0;
			};
			name = Release;
		};
		C1199EDB65102FCA47F40A41 /* Debug */ = {
			isa = XCBuildConfiguration;
			buildSettings = {
				ALWAYS_SEARCH_USER_PATHS = NO;
				CLANG_ANALYZER_NONNULL = YES;
				CLANG_ANALYZER_NUMBER_OBJECT_CONVERSION = YES_AGGRESSIVE;
				CLANG_CXX_LANGUAGE_STANDARD = "gnu++14";
				CLANG_CXX_LIBRARY = "libc++";
				CLANG_ENABLE_MODULES = YES;
				CLANG_ENABLE_OBJC_ARC = YES;
				CLANG_ENABLE_OBJC_WEAK = YES;
				CLANG_WARN_BLOCK_CAPTURE_AUTORELEASING = YES;
				CLANG_WARN_BOOL_CONVERSION = YES;
				CLANG_WARN_COMMA = YES;
				CLANG_WARN_CONSTANT_CONVERSION = YES;
				CLANG_WARN_DEPRECATED_OBJC_IMPLEMENTATIONS = YES;
				CLANG_WARN_DIRECT_OBJC_ISA_USAGE = YES_ERROR;
				CLANG_WARN_DOCUMENTATION_COMMENTS = YES;
				CLANG_WARN_EMPTY_BODY = YES;
				CLANG_WARN_ENUM_CONVERSION = YES;
				CLANG_WARN_INFINITE_RECURSION = YES;
				CLANG_WARN_INT_CONVERSION = YES;
				CLANG_WARN_NON_LITERAL_NULL_CONVERSION = YES;
				CLANG_WARN_OBJC_IMPLICIT_RETAIN_SELF = YES;
				CLANG_WARN_OBJC_LITERAL_CONVERSION = YES;
				CLANG_WARN_OBJC_ROOT_CLASS = YES_ERROR;
				CLANG_WARN_QUOTED_INCLUDE_IN_FRAMEWORK_HEADER = YES;
				CLANG_WARN_RANGE_LOOP_ANALYSIS = YES;
				CLANG_WARN_STRICT_PROTOTYPES = YES;
				CLANG_WARN_SUSPICIOUS_MOVE = YES;
				CLANG_WARN_UNGUARDED_AVAILABILITY = YES_AGGRESSIVE;
				CLANG_WARN_UNREACHABLE_CODE = YES;
				CLANG_WARN__DUPLICATE_METHOD_MATCH = YES;
				COPY_PHASE_STRIP = NO;
				DEBUG_INFORMATION_FORMAT = dwarf;
				ENABLE_STRICT_OBJC_MSGSEND = YES;
				ENABLE_TESTABILITY = YES;
				GCC_C_LANGUAGE_STANDARD = gnu11;
				GCC_DYNAMIC_NO_PIC = NO;
				GCC_NO_COMMON_BLOCKS = YES;
				GCC_OPTIMIZATION_LEVEL = 0;
				GCC_PREPROCESSOR_DEFINITIONS = (
					"$(inherited)",
					"DEBUG=1",
				);
				GCC_WARN_64_TO_32_BIT_CONVERSION = YES;
				GCC_WARN_ABOUT_RETURN_TYPE = YES_ERROR;
				GCC_WARN_UNDECLARED_SELECTOR = YES;
				GCC_WARN_UNINITIALIZED_AUTOS = YES_AGGRESSIVE;
				GCC_WARN_UNUSED_FUNCTION = YES;
				GCC_WARN_UNUSED_VARIABLE = YES;
				IPHONEOS_DEPLOYMENT_TARGET = 17.0;
				MTL_ENABLE_DEBUG_INFO = INCLUDE_SOURCE;
				MTL_FAST_MATH = YES;
				ONLY_ACTIVE_ARCH = YES;
				PRODUCT_BUNDLE_IDENTIFIER = rcTools.ComeSano;
				PRODUCT_NAME = "$(TARGET_NAME)";
				SDKROOT = iphoneos;
				SWIFT_ACTIVE_COMPILATION_CONDITIONS = DEBUG;
				SWIFT_OPTIMIZATION_LEVEL = "-Onone";
				SWIFT_VERSION = 6.0;
			};
			name = Debug;
		};
		F094DCFD583D3298A2B52B94 /* Release */ = {
			isa = XCBuildConfiguration;
			buildSettings = {
				ASSETCATALOG_COMPILER_APPICON_NAME = AppIcon;
				CODE_SIGN_IDENTITY = "iPhone Developer";
				CODE_SIGN_STYLE = Automatic;
				CURRENT_PROJECT_VERSION = 1;
				INFOPLIST_FILE = App/Config/Info.plist;
				IPHONEOS_DEPLOYMENT_TARGET = 17.0;
				LD_RUNPATH_SEARCH_PATHS = (
					"$(inherited)",
					"@executable_path/Frameworks",
				);
				MARKETING_VERSION = 1.0;
				PRODUCT_NAME = ComeSano;
				SDKROOT = iphoneos;
				TARGETED_DEVICE_FAMILY = "1,2";
			};
			name = Release;
		};
/* End XCBuildConfiguration section */

/* Begin XCConfigurationList section */
		54B1DE3E320D43E8336D39D8 /* Build configuration list for PBXProject "ComeSano" */ = {
			isa = XCConfigurationList;
			buildConfigurations = (
				C1199EDB65102FCA47F40A41 /* Debug */,
				B565AF45E09053AB2343AA30 /* Release */,
			);
			defaultConfigurationIsVisible = 0;
			defaultConfigurationName = Debug;
		};
		CFF200CEA87CD3B68CBF7E23 /* Build configuration list for PBXNativeTarget "ComeSanoApp" */ = {
			isa = XCConfigurationList;
			buildConfigurations = (
				64BACA0E21538A597E947ACF /* Debug */,
				F094DCFD583D3298A2B52B94 /* Release */,
			);
			defaultConfigurationIsVisible = 0;
			defaultConfigurationName = Debug;
		};
/* End XCConfigurationList section */

/* Begin XCLocalSwiftPackageReference section */
		518FCE2FC15ABE1764BA06F0 /* XCLocalSwiftPackageReference "." */ = {
			isa = XCLocalSwiftPackageReference;
			relativePath = .;
		};
/* End XCLocalSwiftPackageReference section */

/* Begin XCSwiftPackageProductDependency section */
		07028C6E7AB66AFA1E5047F3 /* ComeSanoAI */ = {
			isa = XCSwiftPackageProductDependency;
			productName = ComeSanoAI;
		};
		4988B45FB968DD58960F6C45 /* ComeSanoUI */ = {
			isa = XCSwiftPackageProductDependency;
			productName = ComeSanoUI;
		};
		AA1298B37CDBB2F334E5C75D /* ComeSanoCore */ = {
			isa = XCSwiftPackageProductDependency;
			productName = ComeSanoCore;
		};
/* End XCSwiftPackageProductDependency section */
	};
	rootObject = 5DA09E9F866404605DDAEBF6 /* Project object */;
}
